// !$*UTF8*$!
{
	archiveVersion = 1;
	classes = {
	};
	objectVersion = 52;
	objects = {

/* Begin PBXBuildFile section */
		96EA41402432EA68002F20A5 /* AppDelegate.swift in Sources */ = {isa = PBXBuildFile; fileRef = 96EA413F2432EA68002F20A5 /* AppDelegate.swift */; };
		96EA41422432EA68002F20A5 /* SceneDelegate.swift in Sources */ = {isa = PBXBuildFile; fileRef = 96EA41412432EA68002F20A5 /* SceneDelegate.swift */; };
		96EA41442432EA68002F20A5 /* ViewController.swift in Sources */ = {isa = PBXBuildFile; fileRef = 96EA41432432EA68002F20A5 /* ViewController.swift */; };
		96EA41472432EA68002F20A5 /* Main.storyboard in Resources */ = {isa = PBXBuildFile; fileRef = 96EA41452432EA68002F20A5 /* Main.storyboard */; };
		96EA41492432EA6C002F20A5 /* Assets.xcassets in Resources */ = {isa = PBXBuildFile; fileRef = 96EA41482432EA6C002F20A5 /* Assets.xcassets */; };
		96EA414C2432EA6C002F20A5 /* LaunchScreen.storyboard in Resources */ = {isa = PBXBuildFile; fileRef = 96EA414A2432EA6C002F20A5 /* LaunchScreen.storyboard */; };
		96EA41572432EA6D002F20A5 /* BankFinderTests.swift in Sources */ = {isa = PBXBuildFile; fileRef = 96EA41562432EA6D002F20A5 /* BankFinderTests.swift */; };
		96EA41622432EA6D002F20A5 /* BankFinderUITests.swift in Sources */ = {isa = PBXBuildFile; fileRef = 96EA41612432EA6D002F20A5 /* BankFinderUITests.swift */; };
		96EA41712433387C002F20A5 /* SQift in Frameworks */ = {isa = PBXBuildFile; productRef = 96EA41702433387C002F20A5 /* SQift */; };
		96EA4173243338D6002F20A5 /* db_create.sql in Resources */ = {isa = PBXBuildFile; fileRef = 96EA4172243338D6002F20A5 /* db_create.sql */; };
		96EA4175243338FD002F20A5 /* Bindings.swift in Sources */ = {isa = PBXBuildFile; fileRef = 96EA4174243338FD002F20A5 /* Bindings.swift */; };
		96EA417724333AC5002F20A5 /* UIKitExtensions.swift in Sources */ = {isa = PBXBuildFile; fileRef = 96EA417624333AC5002F20A5 /* UIKitExtensions.swift */; };
		96EA417924333CF7002F20A5 /* BaseViewModel.swift in Sources */ = {isa = PBXBuildFile; fileRef = 96EA417824333CF7002F20A5 /* BaseViewModel.swift */; };
		96EA417B2433584B002F20A5 /* branches.json in Resources */ = {isa = PBXBuildFile; fileRef = 96EA417A2433584B002F20A5 /* branches.json */; };
		96EA417E24335E51002F20A5 /* README.md in Resources */ = {isa = PBXBuildFile; fileRef = 96EA417D24335E51002F20A5 /* README.md */; };
		96EA41802433A083002F20A5 /* TableViewController.swift in Sources */ = {isa = PBXBuildFile; fileRef = 96EA417F2433A083002F20A5 /* TableViewController.swift */; };
		96EA41822433F870002F20A5 /* SQiftExtensions.swift in Sources */ = {isa = PBXBuildFile; fileRef = 96EA41812433F870002F20A5 /* SQiftExtensions.swift */; };
/* End PBXBuildFile section */

/* Begin PBXContainerItemProxy section */
		96EA41532432EA6D002F20A5 /* PBXContainerItemProxy */ = {
			isa = PBXContainerItemProxy;
			containerPortal = 96EA41342432EA67002F20A5 /* Project object */;
			proxyType = 1;
			remoteGlobalIDString = 96EA413B2432EA67002F20A5;
			remoteInfo = BankFinder;
		};
		96EA415E2432EA6D002F20A5 /* PBXContainerItemProxy */ = {
			isa = PBXContainerItemProxy;
			containerPortal = 96EA41342432EA67002F20A5 /* Project object */;
			proxyType = 1;
			remoteGlobalIDString = 96EA413B2432EA67002F20A5;
			remoteInfo = BankFinder;
		};
/* End PBXContainerItemProxy section */

/* Begin PBXFileReference section */
		96EA413C2432EA68002F20A5 /* BankFinder.app */ = {isa = PBXFileReference; explicitFileType = wrapper.application; includeInIndex = 0; path = BankFinder.app; sourceTree = BUILT_PRODUCTS_DIR; };
		96EA413F2432EA68002F20A5 /* AppDelegate.swift */ = {isa = PBXFileReference; lastKnownFileType = sourcecode.swift; path = AppDelegate.swift; sourceTree = "<group>"; };
		96EA41412432EA68002F20A5 /* SceneDelegate.swift */ = {isa = PBXFileReference; lastKnownFileType = sourcecode.swift; path = SceneDelegate.swift; sourceTree = "<group>"; };
		96EA41432432EA68002F20A5 /* ViewController.swift */ = {isa = PBXFileReference; lastKnownFileType = sourcecode.swift; path = ViewController.swift; sourceTree = "<group>"; };
		96EA41462432EA68002F20A5 /* Base */ = {isa = PBXFileReference; lastKnownFileType = file.storyboard; name = Base; path = Base.lproj/Main.storyboard; sourceTree = "<group>"; };
		96EA41482432EA6C002F20A5 /* Assets.xcassets */ = {isa = PBXFileReference; lastKnownFileType = folder.assetcatalog; path = Assets.xcassets; sourceTree = "<group>"; };
		96EA414B2432EA6C002F20A5 /* Base */ = {isa = PBXFileReference; lastKnownFileType = file.storyboard; name = Base; path = Base.lproj/LaunchScreen.storyboard; sourceTree = "<group>"; };
		96EA414D2432EA6C002F20A5 /* Info.plist */ = {isa = PBXFileReference; lastKnownFileType = text.plist.xml; path = Info.plist; sourceTree = "<group>"; };
		96EA41522432EA6D002F20A5 /* BankFinderTests.xctest */ = {isa = PBXFileReference; explicitFileType = wrapper.cfbundle; includeInIndex = 0; path = BankFinderTests.xctest; sourceTree = BUILT_PRODUCTS_DIR; };
		96EA41562432EA6D002F20A5 /* BankFinderTests.swift */ = {isa = PBXFileReference; lastKnownFileType = sourcecode.swift; path = BankFinderTests.swift; sourceTree = "<group>"; };
		96EA41582432EA6D002F20A5 /* Info.plist */ = {isa = PBXFileReference; lastKnownFileType = text.plist.xml; path = Info.plist; sourceTree = "<group>"; };
		96EA415D2432EA6D002F20A5 /* BankFinderUITests.xctest */ = {isa = PBXFileReference; explicitFileType = wrapper.cfbundle; includeInIndex = 0; path = BankFinderUITests.xctest; sourceTree = BUILT_PRODUCTS_DIR; };
		96EA41612432EA6D002F20A5 /* BankFinderUITests.swift */ = {isa = PBXFileReference; lastKnownFileType = sourcecode.swift; path = BankFinderUITests.swift; sourceTree = "<group>"; };
		96EA41632432EA6D002F20A5 /* Info.plist */ = {isa = PBXFileReference; lastKnownFileType = text.plist.xml; path = Info.plist; sourceTree = "<group>"; };
		96EA4172243338D6002F20A5 /* db_create.sql */ = {isa = PBXFileReference; fileEncoding = 4; lastKnownFileType = text; path = db_create.sql; sourceTree = "<group>"; };
		96EA4174243338FD002F20A5 /* Bindings.swift */ = {isa = PBXFileReference; fileEncoding = 4; lastKnownFileType = sourcecode.swift; path = Bindings.swift; sourceTree = "<group>"; };
		96EA417624333AC5002F20A5 /* UIKitExtensions.swift */ = {isa = PBXFileReference; fileEncoding = 4; lastKnownFileType = sourcecode.swift; path = UIKitExtensions.swift; sourceTree = "<group>"; };
		96EA417824333CF7002F20A5 /* BaseViewModel.swift */ = {isa = PBXFileReference; fileEncoding = 4; lastKnownFileType = sourcecode.swift; path = BaseViewModel.swift; sourceTree = "<group>"; };
		96EA417A2433584B002F20A5 /* branches.json */ = {isa = PBXFileReference; fileEncoding = 4; lastKnownFileType = text.json; path = branches.json; sourceTree = "<group>"; };
		96EA417D24335E51002F20A5 /* README.md */ = {isa = PBXFileReference; lastKnownFileType = net.daringfireball.markdown; path = README.md; sourceTree = "<group>"; };
		96EA417F2433A083002F20A5 /* TableViewController.swift */ = {isa = PBXFileReference; fileEncoding = 4; lastKnownFileType = sourcecode.swift; path = TableViewController.swift; sourceTree = "<group>"; };
		96EA41812433F870002F20A5 /* SQiftExtensions.swift */ = {isa = PBXFileReference; fileEncoding = 4; lastKnownFileType = sourcecode.swift; path = SQiftExtensions.swift; sourceTree = "<group>"; };
/* End PBXFileReference section */

/* Begin PBXFrameworksBuildPhase section */
		96EA41392432EA67002F20A5 /* Frameworks */ = {
			isa = PBXFrameworksBuildPhase;
			buildActionMask = 2147483647;
			files = (
				96EA41712433387C002F20A5 /* SQift in Frameworks */,
			);
			runOnlyForDeploymentPostprocessing = 0;
		};
		96EA414F2432EA6D002F20A5 /* Frameworks */ = {
			isa = PBXFrameworksBuildPhase;
			buildActionMask = 2147483647;
			files = (
			);
			runOnlyForDeploymentPostprocessing = 0;
		};
		96EA415A2432EA6D002F20A5 /* Frameworks */ = {
			isa = PBXFrameworksBuildPhase;
			buildActionMask = 2147483647;
			files = (
			);
			runOnlyForDeploymentPostprocessing = 0;
		};
/* End PBXFrameworksBuildPhase section */

/* Begin PBXGroup section */
		96EA41332432EA67002F20A5 = {
			isa = PBXGroup;
			children = (
				96EA417D24335E51002F20A5 /* README.md */,
				96EA413E2432EA68002F20A5 /* BankFinder */,
				96EA41552432EA6D002F20A5 /* BankFinderTests */,
				96EA41602432EA6D002F20A5 /* BankFinderUITests */,
				96EA413D2432EA68002F20A5 /* Products */,
			);
			sourceTree = "<group>";
		};
		96EA413D2432EA68002F20A5 /* Products */ = {
			isa = PBXGroup;
			children = (
				96EA413C2432EA68002F20A5 /* BankFinder.app */,
				96EA41522432EA6D002F20A5 /* BankFinderTests.xctest */,
				96EA415D2432EA6D002F20A5 /* BankFinderUITests.xctest */,
			);
			name = Products;
			sourceTree = "<group>";
		};
		96EA413E2432EA68002F20A5 /* BankFinder */ = {
			isa = PBXGroup;
			children = (
				96EA41452432EA68002F20A5 /* Main.storyboard */,
				96EA413F2432EA68002F20A5 /* AppDelegate.swift */,
				96EA417C2433585F002F20A5 /* Data */,
				96EA4172243338D6002F20A5 /* db_create.sql */,
				96EA4174243338FD002F20A5 /* Bindings.swift */,
				96EA417824333CF7002F20A5 /* BaseViewModel.swift */,
				96EA417F2433A083002F20A5 /* TableViewController.swift */,
				96EA41812433F870002F20A5 /* SQiftExtensions.swift */,
				96EA417624333AC5002F20A5 /* UIKitExtensions.swift */,
				96EA41412432EA68002F20A5 /* SceneDelegate.swift */,
				96EA41432432EA68002F20A5 /* ViewController.swift */,
				96EA41482432EA6C002F20A5 /* Assets.xcassets */,
				96EA414A2432EA6C002F20A5 /* LaunchScreen.storyboard */,
				96EA414D2432EA6C002F20A5 /* Info.plist */,
			);
			path = BankFinder;
			sourceTree = "<group>";
		};
		96EA41552432EA6D002F20A5 /* BankFinderTests */ = {
			isa = PBXGroup;
			children = (
				96EA41562432EA6D002F20A5 /* BankFinderTests.swift */,
				96EA41582432EA6D002F20A5 /* Info.plist */,
			);
			path = BankFinderTests;
			sourceTree = "<group>";
		};
		96EA41602432EA6D002F20A5 /* BankFinderUITests */ = {
			isa = PBXGroup;
			children = (
				96EA41612432EA6D002F20A5 /* BankFinderUITests.swift */,
				96EA41632432EA6D002F20A5 /* Info.plist */,
			);
			path = BankFinderUITests;
			sourceTree = "<group>";
		};
		96EA417C2433585F002F20A5 /* Data */ = {
			isa = PBXGroup;
			children = (
				96EA417A2433584B002F20A5 /* branches.json */,
			);
			path = Data;
			sourceTree = "<group>";
		};
/* End PBXGroup section */

/* Begin PBXNativeTarget section */
		96EA413B2432EA67002F20A5 /* BankFinder */ = {
			isa = PBXNativeTarget;
			buildConfigurationList = 96EA41662432EA6D002F20A5 /* Build configuration list for PBXNativeTarget "BankFinder" */;
			buildPhases = (
				96EA41382432EA67002F20A5 /* Sources */,
				96EA41392432EA67002F20A5 /* Frameworks */,
				96EA413A2432EA67002F20A5 /* Resources */,
			);
			buildRules = (
			);
			dependencies = (
			);
			name = BankFinder;
			packageProductDependencies = (
				96EA41702433387C002F20A5 /* SQift */,
			);
			productName = BankFinder;
			productReference = 96EA413C2432EA68002F20A5 /* BankFinder.app */;
			productType = "com.apple.product-type.application";
		};
		96EA41512432EA6D002F20A5 /* BankFinderTests */ = {
			isa = PBXNativeTarget;
			buildConfigurationList = 96EA41692432EA6D002F20A5 /* Build configuration list for PBXNativeTarget "BankFinderTests" */;
			buildPhases = (
				96EA414E2432EA6D002F20A5 /* Sources */,
				96EA414F2432EA6D002F20A5 /* Frameworks */,
				96EA41502432EA6D002F20A5 /* Resources */,
			);
			buildRules = (
			);
			dependencies = (
				96EA41542432EA6D002F20A5 /* PBXTargetDependency */,
			);
			name = BankFinderTests;
			productName = BankFinderTests;
			productReference = 96EA41522432EA6D002F20A5 /* BankFinderTests.xctest */;
			productType = "com.apple.product-type.bundle.unit-test";
		};
		96EA415C2432EA6D002F20A5 /* BankFinderUITests */ = {
			isa = PBXNativeTarget;
			buildConfigurationList = 96EA416C2432EA6D002F20A5 /* Build configuration list for PBXNativeTarget "BankFinderUITests" */;
			buildPhases = (
				96EA41592432EA6D002F20A5 /* Sources */,
				96EA415A2432EA6D002F20A5 /* Frameworks */,
				96EA415B2432EA6D002F20A5 /* Resources */,
			);
			buildRules = (
			);
			dependencies = (
				96EA415F2432EA6D002F20A5 /* PBXTargetDependency */,
			);
			name = BankFinderUITests;
			productName = BankFinderUITests;
			productReference = 96EA415D2432EA6D002F20A5 /* BankFinderUITests.xctest */;
			productType = "com.apple.product-type.bundle.ui-testing";
		};
/* End PBXNativeTarget section */

/* Begin PBXProject section */
		96EA41342432EA67002F20A5 /* Project object */ = {
			isa = PBXProject;
			attributes = {
				LastSwiftUpdateCheck = 1140;
				LastUpgradeCheck = 1140;
				ORGANIZATIONNAME = "Jason Jobe";
				TargetAttributes = {
					96EA413B2432EA67002F20A5 = {
						CreatedOnToolsVersion = 11.4;
					};
					96EA41512432EA6D002F20A5 = {
						CreatedOnToolsVersion = 11.4;
						TestTargetID = 96EA413B2432EA67002F20A5;
					};
					96EA415C2432EA6D002F20A5 = {
						CreatedOnToolsVersion = 11.4;
						TestTargetID = 96EA413B2432EA67002F20A5;
					};
				};
			};
			buildConfigurationList = 96EA41372432EA67002F20A5 /* Build configuration list for PBXProject "BankFinder" */;
			compatibilityVersion = "Xcode 9.3";
			developmentRegion = en;
			hasScannedForEncodings = 0;
			knownRegions = (
				en,
				Base,
			);
			mainGroup = 96EA41332432EA67002F20A5;
			packageReferences = (
				96EA416F2433387C002F20A5 /* XCRemoteSwiftPackageReference "SQift" */,
			);
			productRefGroup = 96EA413D2432EA68002F20A5 /* Products */;
			projectDirPath = "";
			projectRoot = "";
			targets = (
				96EA413B2432EA67002F20A5 /* BankFinder */,
				96EA41512432EA6D002F20A5 /* BankFinderTests */,
				96EA415C2432EA6D002F20A5 /* BankFinderUITests */,
			);
		};
/* End PBXProject section */

/* Begin PBXResourcesBuildPhase section */
		96EA413A2432EA67002F20A5 /* Resources */ = {
			isa = PBXResourcesBuildPhase;
			buildActionMask = 2147483647;
			files = (
				96EA417E24335E51002F20A5 /* README.md in Resources */,
				96EA4173243338D6002F20A5 /* db_create.sql in Resources */,
				96EA414C2432EA6C002F20A5 /* LaunchScreen.storyboard in Resources */,
				96EA41492432EA6C002F20A5 /* Assets.xcassets in Resources */,
				96EA417B2433584B002F20A5 /* branches.json in Resources */,
				96EA41472432EA68002F20A5 /* Main.storyboard in Resources */,
			);
			runOnlyForDeploymentPostprocessing = 0;
		};
		96EA41502432EA6D002F20A5 /* Resources */ = {
			isa = PBXResourcesBuildPhase;
			buildActionMask = 2147483647;
			files = (
			);
			runOnlyForDeploymentPostprocessing = 0;
		};
		96EA415B2432EA6D002F20A5 /* Resources */ = {
			isa = PBXResourcesBuildPhase;
			buildActionMask = 2147483647;
			files = (
			);
			runOnlyForDeploymentPostprocessing = 0;
		};
/* End PBXResourcesBuildPhase section */

/* Begin PBXSourcesBuildPhase section */
		96EA41382432EA67002F20A5 /* Sources */ = {
			isa = PBXSourcesBuildPhase;
			buildActionMask = 2147483647;
			files = (
				96EA41442432EA68002F20A5 /* ViewController.swift in Sources */,
				96EA41802433A083002F20A5 /* TableViewController.swift in Sources */,
				96EA41402432EA68002F20A5 /* AppDelegate.swift in Sources */,
				96EA4175243338FD002F20A5 /* Bindings.swift in Sources */,
				96EA41422432EA68002F20A5 /* SceneDelegate.swift in Sources */,
				96EA417724333AC5002F20A5 /* UIKitExtensions.swift in Sources */,
				96EA417924333CF7002F20A5 /* BaseViewModel.swift in Sources */,
				96EA41822433F870002F20A5 /* SQiftExtensions.swift in Sources */,
			);
			runOnlyForDeploymentPostprocessing = 0;
		};
		96EA414E2432EA6D002F20A5 /* Sources */ = {
			isa = PBXSourcesBuildPhase;
			buildActionMask = 2147483647;
			files = (
				96EA41572432EA6D002F20A5 /* BankFinderTests.swift in Sources */,
			);
			runOnlyForDeploymentPostprocessing = 0;
		};
		96EA41592432EA6D002F20A5 /* Sources */ = {
			isa = PBXSourcesBuildPhase;
			buildActionMask = 2147483647;
			files = (
				96EA41622432EA6D002F20A5 /* BankFinderUITests.swift in Sources */,
			);
			runOnlyForDeploymentPostprocessing = 0;
		};
/* End PBXSourcesBuildPhase section */

/* Begin PBXTargetDependency section */
		96EA41542432EA6D002F20A5 /* PBXTargetDependency */ = {
			isa = PBXTargetDependency;
			target = 96EA413B2432EA67002F20A5 /* BankFinder */;
			targetProxy = 96EA41532432EA6D002F20A5 /* PBXContainerItemProxy */;
		};
		96EA415F2432EA6D002F20A5 /* PBXTargetDependency */ = {
			isa = PBXTargetDependency;
			target = 96EA413B2432EA67002F20A5 /* BankFinder */;
			targetProxy = 96EA415E2432EA6D002F20A5 /* PBXContainerItemProxy */;
		};
/* End PBXTargetDependency section */

/* Begin PBXVariantGroup section */
		96EA41452432EA68002F20A5 /* Main.storyboard */ = {
			isa = PBXVariantGroup;
			children = (
				96EA41462432EA68002F20A5 /* Base */,
			);
			name = Main.storyboard;
			sourceTree = "<group>";
		};
		96EA414A2432EA6C002F20A5 /* LaunchScreen.storyboard */ = {
			isa = PBXVariantGroup;
			children = (
				96EA414B2432EA6C002F20A5 /* Base */,
			);
			name = LaunchScreen.storyboard;
			sourceTree = "<group>";
		};
/* End PBXVariantGroup section */

/* Begin XCBuildConfiguration section */
		96EA41642432EA6D002F20A5 /* Debug */ = {
			isa = XCBuildConfiguration;
			buildSettings = {
				ALWAYS_SEARCH_USER_PATHS = NO;
				CLANG_ANALYZER_NONNULL = YES;
				CLANG_ANALYZER_NUMBER_OBJECT_CONVERSION = YES_AGGRESSIVE;
				CLANG_CXX_LANGUAGE_STANDARD = "gnu++14";
				CLANG_CXX_LIBRARY = "libc++";
				CLANG_ENABLE_MODULES = YES;
				CLANG_ENABLE_OBJC_ARC = YES;
				CLANG_ENABLE_OBJC_WEAK = YES;
				CLANG_WARN_BLOCK_CAPTURE_AUTORELEASING = YES;
				CLANG_WARN_BOOL_CONVERSION = YES;
				CLANG_WARN_COMMA = YES;
				CLANG_WARN_CONSTANT_CONVERSION = YES;
				CLANG_WARN_DEPRECATED_OBJC_IMPLEMENTATIONS = YES;
				CLANG_WARN_DIRECT_OBJC_ISA_USAGE = YES_ERROR;
				CLANG_WARN_DOCUMENTATION_COMMENTS = YES;
				CLANG_WARN_EMPTY_BODY = YES;
				CLANG_WARN_ENUM_CONVERSION = YES;
				CLANG_WARN_INFINITE_RECURSION = YES;
				CLANG_WARN_INT_CONVERSION = YES;
				CLANG_WARN_NON_LITERAL_NULL_CONVERSION = YES;
				CLANG_WARN_OBJC_IMPLICIT_RETAIN_SELF = YES;
				CLANG_WARN_OBJC_LITERAL_CONVERSION = YES;
				CLANG_WARN_OBJC_ROOT_CLASS = YES_ERROR;
				CLANG_WARN_RANGE_LOOP_ANALYSIS = YES;
				CLANG_WARN_STRICT_PROTOTYPES = YES;
				CLANG_WARN_SUSPICIOUS_MOVE = YES;
				CLANG_WARN_UNGUARDED_AVAILABILITY = YES_AGGRESSIVE;
				CLANG_WARN_UNREACHABLE_CODE = YES;
				CLANG_WARN__DUPLICATE_METHOD_MATCH = YES;
				COPY_PHASE_STRIP = NO;
				DEBUG_INFORMATION_FORMAT = dwarf;
				ENABLE_STRICT_OBJC_MSGSEND = YES;
				ENABLE_TESTABILITY = YES;
				GCC_C_LANGUAGE_STANDARD = gnu11;
				GCC_DYNAMIC_NO_PIC = NO;
				GCC_NO_COMMON_BLOCKS = YES;
				GCC_OPTIMIZATION_LEVEL = 0;
				GCC_PREPROCESSOR_DEFINITIONS = (
					"DEBUG=1",
					"$(inherited)",
				);
				GCC_WARN_64_TO_32_BIT_CONVERSION = YES;
				GCC_WARN_ABOUT_RETURN_TYPE = YES_ERROR;
				GCC_WARN_UNDECLARED_SELECTOR = YES;
				GCC_WARN_UNINITIALIZED_AUTOS = YES_AGGRESSIVE;
				GCC_WARN_UNUSED_FUNCTION = YES;
				GCC_WARN_UNUSED_VARIABLE = YES;
				IPHONEOS_DEPLOYMENT_TARGET = 13.4;
				MTL_ENABLE_DEBUG_INFO = INCLUDE_SOURCE;
				MTL_FAST_MATH = YES;
				ONLY_ACTIVE_ARCH = YES;
				SDKROOT = iphoneos;
				SWIFT_ACTIVE_COMPILATION_CONDITIONS = DEBUG;
				SWIFT_OPTIMIZATION_LEVEL = "-Onone";
			};
			name = Debug;
		};
		96EA41652432EA6D002F20A5 /* Release */ = {
			isa = XCBuildConfiguration;
			buildSettings = {
				ALWAYS_SEARCH_USER_PATHS = NO;
				CLANG_ANALYZER_NONNULL = YES;
				CLANG_ANALYZER_NUMBER_OBJECT_CONVERSION = YES_AGGRESSIVE;
				CLANG_CXX_LANGUAGE_STANDARD = "gnu++14";
				CLANG_CXX_LIBRARY = "libc++";
				CLANG_ENABLE_MODULES = YES;
				CLANG_ENABLE_OBJC_ARC = YES;
				CLANG_ENABLE_OBJC_WEAK = YES;
				CLANG_WARN_BLOCK_CAPTURE_AUTORELEASING = YES;
				CLANG_WARN_BOOL_CONVERSION = YES;
				CLANG_WARN_COMMA = YES;
				CLANG_WARN_CONSTANT_CONVERSION = YES;
				CLANG_WARN_DEPRECATED_OBJC_IMPLEMENTATIONS = YES;
				CLANG_WARN_DIRECT_OBJC_ISA_USAGE = YES_ERROR;
				CLANG_WARN_DOCUMENTATION_COMMENTS = YES;
				CLANG_WARN_EMPTY_BODY = YES;
				CLANG_WARN_ENUM_CONVERSION = YES;
				CLANG_WARN_INFINITE_RECURSION = YES;
				CLANG_WARN_INT_CONVERSION = YES;
				CLANG_WARN_NON_LITERAL_NULL_CONVERSION = YES;
				CLANG_WARN_OBJC_IMPLICIT_RETAIN_SELF = YES;
				CLANG_WARN_OBJC_LITERAL_CONVERSION = YES;
				CLANG_WARN_OBJC_ROOT_CLASS = YES_ERROR;
				CLANG_WARN_RANGE_LOOP_ANALYSIS = YES;
				CLANG_WARN_STRICT_PROTOTYPES = YES;
				CLANG_WARN_SUSPICIOUS_MOVE = YES;
				CLANG_WARN_UNGUARDED_AVAILABILITY = YES_AGGRESSIVE;
				CLANG_WARN_UNREACHABLE_CODE = YES;
				CLANG_WARN__DUPLICATE_METHOD_MATCH = YES;
				COPY_PHASE_STRIP = NO;
				DEBUG_INFORMATION_FORMAT = "dwarf-with-dsym";
				ENABLE_NS_ASSERTIONS = NO;
				ENABLE_STRICT_OBJC_MSGSEND = YES;
				GCC_C_LANGUAGE_STANDARD = gnu11;
				GCC_NO_COMMON_BLOCKS = YES;
				GCC_WARN_64_TO_32_BIT_CONVERSION = YES;
				GCC_WARN_ABOUT_RETURN_TYPE = YES_ERROR;
				GCC_WARN_UNDECLARED_SELECTOR = YES;
				GCC_WARN_UNINITIALIZED_AUTOS = YES_AGGRESSIVE;
				GCC_WARN_UNUSED_FUNCTION = YES;
				GCC_WARN_UNUSED_VARIABLE = YES;
				IPHONEOS_DEPLOYMENT_TARGET = 13.4;
				MTL_ENABLE_DEBUG_INFO = NO;
				MTL_FAST_MATH = YES;
				SDKROOT = iphoneos;
				SWIFT_COMPILATION_MODE = wholemodule;
				SWIFT_OPTIMIZATION_LEVEL = "-O";
				VALIDATE_PRODUCT = YES;
			};
			name = Release;
		};
		96EA41672432EA6D002F20A5 /* Debug */ = {
			isa = XCBuildConfiguration;
			buildSettings = {
				ASSETCATALOG_COMPILER_APPICON_NAME = AppIcon;
				CODE_SIGN_STYLE = Automatic;
				DEVELOPMENT_TEAM = 8S7Y6KVRU5;
				INFOPLIST_FILE = BankFinder/Info.plist;
				LD_RUNPATH_SEARCH_PATHS = (
					"$(inherited)",
					"@executable_path/Frameworks",
				);
				PRODUCT_BUNDLE_IDENTIFIER = com.wildthink.app.BankFinder;
				PRODUCT_NAME = "$(TARGET_NAME)";
				SWIFT_VERSION = 5.0;
				TARGETED_DEVICE_FAMILY = "1,2";
			};
			name = Debug;
		};
		96EA41682432EA6D002F20A5 /* Release */ = {
			isa = XCBuildConfiguration;
			buildSettings = {
				ASSETCATALOG_COMPILER_APPICON_NAME = AppIcon;
				CODE_SIGN_STYLE = Automatic;
				DEVELOPMENT_TEAM = 8S7Y6KVRU5;
				INFOPLIST_FILE = BankFinder/Info.plist;
				LD_RUNPATH_SEARCH_PATHS = (
					"$(inherited)",
					"@executable_path/Frameworks",
				);
				PRODUCT_BUNDLE_IDENTIFIER = com.wildthink.app.BankFinder;
				PRODUCT_NAME = "$(TARGET_NAME)";
				SWIFT_VERSION = 5.0;
				TARGETED_DEVICE_FAMILY = "1,2";
			};
			name = Release;
		};
		96EA416A2432EA6D002F20A5 /* Debug */ = {
			isa = XCBuildConfiguration;
			buildSettings = {
				ALWAYS_EMBED_SWIFT_STANDARD_LIBRARIES = YES;
				BUNDLE_LOADER = "$(TEST_HOST)";
				CODE_SIGN_STYLE = Automatic;
				DEVELOPMENT_TEAM = 8S7Y6KVRU5;
				INFOPLIST_FILE = BankFinderTests/Info.plist;
				IPHONEOS_DEPLOYMENT_TARGET = 13.4;
				LD_RUNPATH_SEARCH_PATHS = (
					"$(inherited)",
					"@executable_path/Frameworks",
					"@loader_path/Frameworks",
				);
				PRODUCT_BUNDLE_IDENTIFIER = com.wildthink.app.BankFinderTests;
				PRODUCT_NAME = "$(TARGET_NAME)";
				SWIFT_VERSION = 5.0;
				TARGETED_DEVICE_FAMILY = "1,2";
				TEST_HOST = "$(BUILT_PRODUCTS_DIR)/BankFinder.app/BankFinder";
			};
			name = Debug;
		};
		96EA416B2432EA6D002F20A5 /* Release */ = {
			isa = XCBuildConfiguration;
			buildSettings = {
				ALWAYS_EMBED_SWIFT_STANDARD_LIBRARIES = YES;
				BUNDLE_LOADER = "$(TEST_HOST)";
				CODE_SIGN_STYLE = Automatic;
				DEVELOPMENT_TEAM = 8S7Y6KVRU5;
				INFOPLIST_FILE = BankFinderTests/Info.plist;
				IPHONEOS_DEPLOYMENT_TARGET = 13.4;
				LD_RUNPATH_SEARCH_PATHS = (
					"$(inherited)",
					"@executable_path/Frameworks",
					"@loader_path/Frameworks",
				);
				PRODUCT_BUNDLE_IDENTIFIER = com.wildthink.app.BankFinderTests;
				PRODUCT_NAME = "$(TARGET_NAME)";
				SWIFT_VERSION = 5.0;
				TARGETED_DEVICE_FAMILY = "1,2";
				TEST_HOST = "$(BUILT_PRODUCTS_DIR)/BankFinder.app/BankFinder";
			};
			name = Release;
		};
		96EA416D2432EA6D002F20A5 /* Debug */ = {
			isa = XCBuildConfiguration;
			buildSettings = {
				ALWAYS_EMBED_SWIFT_STANDARD_LIBRARIES = YES;
				CODE_SIGN_STYLE = Automatic;
				DEVELOPMENT_TEAM = 8S7Y6KVRU5;
				INFOPLIST_FILE = BankFinderUITests/Info.plist;
				LD_RUNPATH_SEARCH_PATHS = (
					"$(inherited)",
					"@executable_path/Frameworks",
					"@loader_path/Frameworks",
				);
				PRODUCT_BUNDLE_IDENTIFIER = com.wildthink.app.BankFinderUITests;
				PRODUCT_NAME = "$(TARGET_NAME)";
				SWIFT_VERSION = 5.0;
				TARGETED_DEVICE_FAMILY = "1,2";
				TEST_TARGET_NAME = BankFinder;
			};
			name = Debug;
		};
		96EA416E2432EA6D002F20A5 /* Release */ = {
			isa = XCBuildConfiguration;
			buildSettings = {
				ALWAYS_EMBED_SWIFT_STANDARD_LIBRARIES = YES;
				CODE_SIGN_STYLE = Automatic;
				DEVELOPMENT_TEAM = 8S7Y6KVRU5;
				INFOPLIST_FILE = BankFinderUITests/Info.plist;
				LD_RUNPATH_SEARCH_PATHS = (
					"$(inherited)",
					"@executable_path/Frameworks",
					"@loader_path/Frameworks",
				);
				PRODUCT_BUNDLE_IDENTIFIER = com.wildthink.app.BankFinderUITests;
				PRODUCT_NAME = "$(TARGET_NAME)";
				SWIFT_VERSION = 5.0;
				TARGETED_DEVICE_FAMILY = "1,2";
				TEST_TARGET_NAME = BankFinder;
			};
			name = Release;
		};
/* End XCBuildConfiguration section */

/* Begin XCConfigurationList section */
		96EA41372432EA67002F20A5 /* Build configuration list for PBXProject "BankFinder" */ = {
			isa = XCConfigurationList;
			buildConfigurations = (
				96EA41642432EA6D002F20A5 /* Debug */,
				96EA41652432EA6D002F20A5 /* Release */,
			);
			defaultConfigurationIsVisible = 0;
			defaultConfigurationName = Release;
		};
		96EA41662432EA6D002F20A5 /* Build configuration list for PBXNativeTarget "BankFinder" */ = {
			isa = XCConfigurationList;
			buildConfigurations = (
				96EA41672432EA6D002F20A5 /* Debug */,
				96EA41682432EA6D002F20A5 /* Release */,
			);
			defaultConfigurationIsVisible = 0;
			defaultConfigurationName = Release;
		};
		96EA41692432EA6D002F20A5 /* Build configuration list for PBXNativeTarget "BankFinderTests" */ = {
			isa = XCConfigurationList;
			buildConfigurations = (
				96EA416A2432EA6D002F20A5 /* Debug */,
				96EA416B2432EA6D002F20A5 /* Release */,
			);
			defaultConfigurationIsVisible = 0;
			defaultConfigurationName = Release;
		};
		96EA416C2432EA6D002F20A5 /* Build configuration list for PBXNativeTarget "BankFinderUITests" */ = {
			isa = XCConfigurationList;
			buildConfigurations = (
				96EA416D2432EA6D002F20A5 /* Debug */,
				96EA416E2432EA6D002F20A5 /* Release */,
			);
			defaultConfigurationIsVisible = 0;
			defaultConfigurationName = Release;
		};
/* End XCConfigurationList section */

/* Begin XCRemoteSwiftPackageReference section */
		96EA416F2433387C002F20A5 /* XCRemoteSwiftPackageReference "SQift" */ = {
			isa = XCRemoteSwiftPackageReference;
			repositoryURL = "https://github.com/wildthink/SQift";
			requirement = {
				branch = master;
				kind = branch;
			};
		};
/* End XCRemoteSwiftPackageReference section */

/* Begin XCSwiftPackageProductDependency section */
		96EA41702433387C002F20A5 /* SQift */ = {
			isa = XCSwiftPackageProductDependency;
			package = 96EA416F2433387C002F20A5 /* XCRemoteSwiftPackageReference "SQift" */;
			productName = SQift;
		};
/* End XCSwiftPackageProductDependency section */
	};
	rootObject = 96EA41342432EA67002F20A5 /* Project object */;
}
