{
  "object": {
    "pins": [
      {
        "package": "SQift",
        "repositoryURL": "https://github.com/wildthink/SQift",
        "state": {
          "branch": "master",
          "revision": "ea15362690e1f3e247c0eaf864f1f047bc3aeaa6",
          "version": null
        }
      }
    ]
  },
  "version": 1
}
