{
  "object": {
    "pins": [
      {
        "package": "SQift",
        "repositoryURL": "https://github.com/wildthink/SQift",
        "state": {
          "branch": "master",
          "revision": "a0f977a2d08458e3bd2532b86ca6f069aa09faf4",
          "version": null
        }
      }
    ]
  },
  "version": 1
}
